
Microsoft Visual Studio Solution File, Format Version 12.00
Project("{FAE04EC0-301F-11D3-BF4B-00C04F79EFBC}") = "Basic", "Basic\Basic.csproj", "{5420208D-3A00-49C8-93C4-637378E47915}"
EndProject
Project("{FAE04EC0-301F-11D3-BF4B-00C04F79EFBC}") = "IdentityExample", "IdentityExample\IdentityExample.csproj", "{EAC747AD-9269-4B4B-A7AF-88952160B073}"
EndProject
Global
	GlobalSection(SolutionConfigurationPlatforms) = preSolution
		Debug|Any CPU = Debug|Any CPU
		Release|Any CPU = Release|Any CPU
	EndGlobalSection
	GlobalSection(ProjectConfigurationPlatforms) = postSolution
		{5420208D-3A00-49C8-93C4-637378E47915}.Debug|Any CPU.ActiveCfg = Debug|Any CPU
		{5420208D-3A00-49C8-93C4-637378E47915}.Debug|Any CPU.Build.0 = Debug|Any CPU
		{5420208D-3A00-49C8-93C4-637378E47915}.Release|Any CPU.ActiveCfg = Release|Any CPU
		{5420208D-3A00-49C8-93C4-637378E47915}.Release|Any CPU.Build.0 = Release|Any CPU
		{EAC747AD-9269-4B4B-A7AF-88952160B073}.Debug|Any CPU.ActiveCfg = Debug|Any CPU
		{EAC747AD-9269-4B4B-A7AF-88952160B073}.Debug|Any CPU.Build.0 = Debug|Any CPU
		{EAC747AD-9269-4B4B-A7AF-88952160B073}.Release|Any CPU.ActiveCfg = Release|Any CPU
		{EAC747AD-9269-4B4B-A7AF-88952160B073}.Release|Any CPU.Build.0 = Release|Any CPU
	EndGlobalSection
EndGlobal
